{
  "version": 4,
  "terraform_version": "1.10.1",
  "serial": 7,
  "lineage": "05cffcea-9dcf-270f-e0b0-9bf1cd157529",
  "outputs": {
    "sql_server_name": {
      "value": "desk-market-sql-server",
      "type": "string"
    },
    "web_app_url": {
      "value": "desk-market.azurewebsites.net",
      "type": "string"
    }
  },
  "resources": [
    {
      "mode": "managed",
      "type": "azurerm_linux_web_app",
      "name": "desk_market",
      "provider": "provider[\"registry.terraform.io/hashicorp/azurerm\"]",
      "instances": [
        {
          "schema_version": 0,
          "attributes": {
            "app_settings": {
              "ConnectionStrings__DefaultConnection": "Data Source=tcp:desk-market-sql-server.database.windows.net.database.windows.net;Database=desk-market-db;User ID=sqladmin;Password=P@55VV0RD;Trusted_Connection=False;MultipleActiveResultSets=True"
            },
            "auth_settings": [
              {
                "active_directory": [],
                "additional_login_parameters": {},
                "allowed_external_redirect_urls": [],
                "default_provider": "",
                "enabled": false,
                "facebook": [],
                "github": [],
                "google": [],
                "issuer": "",
                "microsoft": [],
                "runtime_version": "",
                "token_refresh_extension_hours": 0,
                "token_store_enabled": false,
                "twitter": [],
                "unauthenticated_client_action": ""
              }
            ],
            "backup": [],
            "client_affinity_enabled": false,
            "client_certificate_enabled": false,
            "client_certificate_mode": "Required",
            "connection_string": [],
            "custom_domain_verification_id": "B6FB23CB0C20E615297963425539CB9CC703E47A52593BB5EFCE49F5F441DEB0",
            "default_hostname": "desk-market.azurewebsites.net",
            "enabled": true,
            "https_only": false,
            "id": "/subscriptions/851a5623-fc30-419b-9d10-9f03c5dcee94/resourceGroups/desk-market-rg/providers/Microsoft.Web/sites/desk-market",
            "identity": [],
            "key_vault_reference_identity_id": "SystemAssigned",
            "kind": "app,linux",
            "location": "northeurope",
            "logs": [],
            "name": "desk-market",
            "outbound_ip_address_list": [
              "13.79.7.61",
              "13.79.20.122",
              "13.79.17.39",
              "13.79.20.132",
              "13.69.228.51"
            ],
            "outbound_ip_addresses": "13.79.7.61,13.79.20.122,13.79.17.39,13.79.20.132,13.69.228.51",
            "possible_outbound_ip_address_list": [
              "13.79.7.61",
              "13.79.20.122",
              "13.79.17.39",
              "13.79.20.132",
              "40.127.195.147",
              "13.79.23.100",
              "40.115.124.254",
              "13.79.21.76",
              "13.79.16.249",
              "51.138.233.11",
              "51.138.233.21",
              "51.138.233.56",
              "51.138.234.131",
              "51.138.234.179",
              "51.138.234.201",
              "20.105.11.235",
              "20.105.12.51",
              "20.105.13.53",
              "20.105.13.210",
              "20.67.143.188",
              "20.105.10.73",
              "13.69.228.51"
            ],
            "possible_outbound_ip_addresses": "13.79.7.61,13.79.20.122,13.79.17.39,13.79.20.132,40.127.195.147,13.79.23.100,40.115.124.254,13.79.21.76,13.79.16.249,51.138.233.11,51.138.233.21,51.138.233.56,51.138.234.131,51.138.234.179,51.138.234.201,20.105.11.235,20.105.12.51,20.105.13.53,20.105.13.210,20.67.143.188,20.105.10.73,13.69.228.51",
            "resource_group_name": "desk-market-rg",
            "service_plan_id": "/subscriptions/851a5623-fc30-419b-9d10-9f03c5dcee94/resourceGroups/desk-market-rg/providers/Microsoft.Web/serverfarms/desk-market-sp",
            "site_config": [
              {
                "always_on": false,
                "api_definition_url": "",
                "api_management_api_id": "",
                "app_command_line": "",
                "application_stack": [
                  {
                    "docker_image": "",
                    "docker_image_tag": "",
                    "dotnet_version": "6.0",
                    "java_server": "",
                    "java_server_version": "",
                    "java_version": "",
                    "node_version": "",
                    "php_version": "",
                    "python_version": "",
                    "ruby_version": ""
                  }
                ],
                "auto_heal_enabled": false,
                "auto_heal_setting": [],
                "container_registry_managed_identity_client_id": "",
                "container_registry_use_managed_identity": false,
                "cors": [],
                "default_documents": [
                  "Default.htm",
                  "Default.html",
                  "Default.asp",
                  "index.htm",
                  "index.html",
                  "iisstart.htm",
                  "default.aspx",
                  "index.php",
                  "hostingstart.html"
                ],
                "detailed_error_logging_enabled": false,
                "ftps_state": "Disabled",
                "health_check_eviction_time_in_min": 0,
                "health_check_path": "",
                "http2_enabled": false,
                "ip_restriction": [],
                "linux_fx_version": "DOTNETCORE|6.0",
                "load_balancing_mode": "LeastRequests",
                "local_mysql_enabled": false,
                "managed_pipeline_mode": "Integrated",
                "minimum_tls_version": "1.2",
                "remote_debugging_enabled": false,
                "remote_debugging_version": "VS2022",
                "scm_ip_restriction": [],
                "scm_minimum_tls_version": "1.2",
                "scm_type": "None",
                "scm_use_main_ip_restriction": false,
                "use_32_bit_worker": true,
                "vnet_route_all_enabled": false,
                "websockets_enabled": false,
                "worker_count": 1
              }
            ],
            "site_credential": [
              {
                "name": "$desk-market",
                "password": "WTtYHRx6g4u2rXxBAvgBt3uwSqCisFg3HtqJugxfuMD7hxPnSkpp3oAniYqG"
              }
            ],
            "storage_account": [],
            "tags": null,
            "timeouts": null
          },
          "sensitive_attributes": [
            [
              {
                "type": "get_attr",
                "value": "app_settings"
              },
              {
                "type": "index",
                "value": {
                  "value": "ConnectionStrings__DefaultConnection",
                  "type": "string"
                }
              }
            ],
            [
              {
                "type": "get_attr",
                "value": "custom_domain_verification_id"
              }
            ]
          ],
          "private": "eyJlMmJmYjczMC1lY2FhLTExZTYtOGY4OC0zNDM2M2JjN2M0YzAiOnsiY3JlYXRlIjoxODAwMDAwMDAwMDAwLCJkZWxldGUiOjE4MDAwMDAwMDAwMDAsInJlYWQiOjMwMDAwMDAwMDAwMCwidXBkYXRlIjoxODAwMDAwMDAwMDAwfX0=",
          "dependencies": [
            "azurerm_mssql_database.desk_market_sql_database",
            "azurerm_mssql_server.desk_market_sql_server",
            "azurerm_resource_group.desk_market_rg",
            "azurerm_service_plan.desk_market_sp"
          ]
        }
      ]
    },
    {
      "mode": "managed",
      "type": "azurerm_mssql_database",
      "name": "desk_market_sql_database",
      "provider": "provider[\"registry.terraform.io/hashicorp/azurerm\"]",
      "instances": [
        {
          "schema_version": 1,
          "attributes": {
            "auto_pause_delay_in_minutes": 0,
            "collation": "SQL_Latin1_General_CP1_CI_AS",
            "create_mode": "Default",
            "creation_source_database_id": null,
            "elastic_pool_id": "",
            "geo_backup_enabled": true,
            "id": "/subscriptions/851a5623-fc30-419b-9d10-9f03c5dcee94/resourceGroups/desk-market-rg/providers/Microsoft.Sql/servers/desk-market-sql-server/databases/desk-market-db",
            "license_type": "",
            "long_term_retention_policy": [
              {
                "monthly_retention": "PT0S",
                "week_of_year": 0,
                "weekly_retention": "PT0S",
                "yearly_retention": "PT0S"
              }
            ],
            "max_size_gb": 2,
            "min_capacity": 0,
            "name": "desk-market-db",
            "read_replica_count": 0,
            "read_scale": false,
            "recover_database_id": null,
            "restore_dropped_database_id": null,
            "restore_point_in_time": null,
            "sample_name": null,
            "server_id": "/subscriptions/851a5623-fc30-419b-9d10-9f03c5dcee94/resourceGroups/desk-market-rg/providers/Microsoft.Sql/servers/desk-market-sql-server",
            "short_term_retention_policy": [
              {
                "retention_days": 7
              }
            ],
            "sku_name": "Basic",
            "storage_account_type": "Geo",
            "tags": null,
            "threat_detection_policy": [
              {
                "disabled_alerts": [],
                "email_account_admins": "Disabled",
                "email_addresses": [],
                "retention_days": 0,
                "state": "Disabled",
                "storage_account_access_key": "",
                "storage_endpoint": ""
              }
            ],
            "timeouts": null,
            "transparent_data_encryption_enabled": true,
            "zone_redundant": false
          },
          "sensitive_attributes": [
            [
              {
                "type": "get_attr",
                "value": "threat_detection_policy"
              },
              {
                "type": "index",
                "value": {
                  "value": 0,
                  "type": "number"
                }
              },
              {
                "type": "get_attr",
                "value": "storage_account_access_key"
              }
            ]
          ],
          "private": "eyJlMmJmYjczMC1lY2FhLTExZTYtOGY4OC0zNDM2M2JjN2M0YzAiOnsiY3JlYXRlIjozNjAwMDAwMDAwMDAwLCJkZWxldGUiOjM2MDAwMDAwMDAwMDAsInJlYWQiOjMwMDAwMDAwMDAwMCwidXBkYXRlIjozNjAwMDAwMDAwMDAwfSwic2NoZW1hX3ZlcnNpb24iOiIxIn0=",
          "dependencies": [
            "azurerm_mssql_server.desk_market_sql_server",
            "azurerm_resource_group.desk_market_rg"
          ]
        }
      ]
    },
    {
      "mode": "managed",
      "type": "azurerm_mssql_server",
      "name": "desk_market_sql_server",
      "provider": "provider[\"registry.terraform.io/hashicorp/azurerm\"]",
      "instances": [
        {
          "schema_version": 0,
          "attributes": {
            "administrator_login": "sqladmin",
            "administrator_login_password": "P@55VV0RD",
            "azuread_administrator": [],
            "connection_policy": "Default",
            "fully_qualified_domain_name": "desk-market-sql-server.database.windows.net",
            "id": "/subscriptions/851a5623-fc30-419b-9d10-9f03c5dcee94/resourceGroups/desk-market-rg/providers/Microsoft.Sql/servers/desk-market-sql-server",
            "identity": [],
            "location": "northeurope",
            "minimum_tls_version": "1.2",
            "name": "desk-market-sql-server",
            "outbound_network_restriction_enabled": false,
            "primary_user_assigned_identity_id": "",
            "public_network_access_enabled": true,
            "resource_group_name": "desk-market-rg",
            "restorable_dropped_database_ids": [],
            "tags": {
              "environment": "production"
            },
            "timeouts": null,
            "version": "12.0"
          },
          "sensitive_attributes": [
            [
              {
                "type": "get_attr",
                "value": "administrator_login_password"
              }
            ]
          ],
          "private": "eyJlMmJmYjczMC1lY2FhLTExZTYtOGY4OC0zNDM2M2JjN2M0YzAiOnsiY3JlYXRlIjozNjAwMDAwMDAwMDAwLCJkZWxldGUiOjM2MDAwMDAwMDAwMDAsInJlYWQiOjMwMDAwMDAwMDAwMCwidXBkYXRlIjozNjAwMDAwMDAwMDAwfX0=",
          "dependencies": [
            "azurerm_resource_group.desk_market_rg"
          ]
        }
      ]
    },
    {
      "mode": "managed",
      "type": "azurerm_resource_group",
      "name": "desk_market_rg",
      "provider": "provider[\"registry.terraform.io/hashicorp/azurerm\"]",
      "instances": [
        {
          "schema_version": 0,
          "attributes": {
            "id": "/subscriptions/851a5623-fc30-419b-9d10-9f03c5dcee94/resourceGroups/desk-market-rg",
            "location": "northeurope",
            "name": "desk-market-rg",
            "tags": null,
            "timeouts": null
          },
          "sensitive_attributes": [],
          "private": "eyJlMmJmYjczMC1lY2FhLTExZTYtOGY4OC0zNDM2M2JjN2M0YzAiOnsiY3JlYXRlIjo1NDAwMDAwMDAwMDAwLCJkZWxldGUiOjU0MDAwMDAwMDAwMDAsInJlYWQiOjMwMDAwMDAwMDAwMCwidXBkYXRlIjo1NDAwMDAwMDAwMDAwfX0="
        }
      ]
    },
    {
      "mode": "managed",
      "type": "azurerm_service_plan",
      "name": "desk_market_sp",
      "provider": "provider[\"registry.terraform.io/hashicorp/azurerm\"]",
      "instances": [
        {
          "schema_version": 0,
          "attributes": {
            "app_service_environment_id": "",
            "id": "/subscriptions/851a5623-fc30-419b-9d10-9f03c5dcee94/resourceGroups/desk-market-rg/providers/Microsoft.Web/serverfarms/desk-market-sp",
            "kind": "linux",
            "location": "northeurope",
            "maximum_elastic_worker_count": 1,
            "name": "desk-market-sp",
            "os_type": "Linux",
            "per_site_scaling_enabled": false,
            "reserved": true,
            "resource_group_name": "desk-market-rg",
            "sku_name": "B1",
            "tags": null,
            "timeouts": null,
            "worker_count": 1
          },
          "sensitive_attributes": [],
          "private": "eyJlMmJmYjczMC1lY2FhLTExZTYtOGY4OC0zNDM2M2JjN2M0YzAiOnsiY3JlYXRlIjozNjAwMDAwMDAwMDAwLCJkZWxldGUiOjM2MDAwMDAwMDAwMDAsInJlYWQiOjMwMDAwMDAwMDAwMCwidXBkYXRlIjozNjAwMDAwMDAwMDAwfX0=",
          "dependencies": [
            "azurerm_resource_group.desk_market_rg"
          ]
        }
      ]
    }
  ],
  "check_results": null
}
